
Microsoft Visual Studio Solution File, Format Version 12.00
# Visual Studio Version 17
VisualStudioVersion = 17.3.32825.248
MinimumVisualStudioVersion = 10.0.40219.1
Project("{FAE04EC0-301F-11D3-BF4B-00C04F79EFBC}") = "TEST_ADO_CONSOLE", "TEST_ADO_CONSOLE\TEST_ADO_CONSOLE.csproj", "{D2B405D0-BC52-4DD9-8BFE-BD10B8C2DBEB}"
EndProject
Project("{FAE04EC0-301F-11D3-BF4B-00C04F79EFBC}") = "OPERATIONS", "OPERATIONS\OPERATIONS.csproj", "{3E8B0302-8A53-40EF-866B-49B52F392E92}"
EndProject
Global
	GlobalSection(SolutionConfigurationPlatforms) = preSolution
		Debug|Any CPU = Debug|Any CPU
		Release|Any CPU = Release|Any CPU
	EndGlobalSection
	GlobalSection(ProjectConfigurationPlatforms) = postSolution
		{D2B405D0-BC52-4DD9-8BFE-BD10B8C2DBEB}.Debug|Any CPU.ActiveCfg = Debug|Any CPU
		{D2B405D0-BC52-4DD9-8BFE-BD10B8C2DBEB}.Debug|Any CPU.Build.0 = Debug|Any CPU
		{D2B405D0-BC52-4DD9-8BFE-BD10B8C2DBEB}.Release|Any CPU.ActiveCfg = Release|Any CPU
		{D2B405D0-BC52-4DD9-8BFE-BD10B8C2DBEB}.Release|Any CPU.Build.0 = Release|Any CPU
		{3E8B0302-8A53-40EF-866B-49B52F392E92}.Debug|Any CPU.ActiveCfg = Debug|Any CPU
		{3E8B0302-8A53-40EF-866B-49B52F392E92}.Debug|Any CPU.Build.0 = Debug|Any CPU
		{3E8B0302-8A53-40EF-866B-49B52F392E92}.Release|Any CPU.ActiveCfg = Release|Any CPU
		{3E8B0302-8A53-40EF-866B-49B52F392E92}.Release|Any CPU.Build.0 = Release|Any CPU
	EndGlobalSection
	GlobalSection(SolutionProperties) = preSolution
		HideSolutionNode = FALSE
	EndGlobalSection
	GlobalSection(ExtensibilityGlobals) = postSolution
		SolutionGuid = {9B60103C-FEA5-48F8-924F-3329AD115DD2}
	EndGlobalSection
EndGlobal
